
Microsoft Visual Studio Solution File, Format Version 12.00
# Visual Studio Version 16
VisualStudioVersion = 16.0.31402.337
MinimumVisualStudioVersion = 10.0.40219.1
Project("{9A19103F-16F7-4668-BE54-9A1E7A4F7556}") = "GestaoProdutos.API", "GestaoProdutos.API\GestaoProdutos.API.csproj", "{9696AA72-9777-40AE-8DD1-1A46FCDF9B39}"
EndProject
Project("{9A19103F-16F7-4668-BE54-9A1E7A4F7556}") = "GestaoProdutos.Application", "GestaoProdutos.Application\GestaoProdutos.Application.csproj", "{57E0025D-AA27-45DC-9D23-CBF4778FEF6B}"
EndProject
Project("{9A19103F-16F7-4668-BE54-9A1E7A4F7556}") = "GestaoProdutos.Domain", "GestaoProdutos.Domain\GestaoProdutos.Domain.csproj", "{637542F2-8DF9-4B12-82FE-FF51E3202D06}"
EndProject
Project("{9A19103F-16F7-4668-BE54-9A1E7A4F7556}") = "GestaoProdutos.Infrastructure", "GestaoProdutos.Infrastructure\GestaoProdutos.Infrastructure.csproj", "{D0670FE3-BDBF-4EB1-9706-8EB482536558}"
EndProject
Project("{9A19103F-16F7-4668-BE54-9A1E7A4F7556}") = "GestaoProdutos.Tests", "GestaoProdutos.Tests\GestaoProdutos.Tests.csproj", "{0723DF5E-3291-4BF9-ACB9-E92E22374E4D}"
EndProject
Global
	GlobalSection(SolutionConfigurationPlatforms) = preSolution
		Debug|Any CPU = Debug|Any CPU
		Release|Any CPU = Release|Any CPU
	EndGlobalSection
	GlobalSection(ProjectConfigurationPlatforms) = postSolution
		{9696AA72-9777-40AE-8DD1-1A46FCDF9B39}.Debug|Any CPU.ActiveCfg = Debug|Any CPU
		{9696AA72-9777-40AE-8DD1-1A46FCDF9B39}.Debug|Any CPU.Build.0 = Debug|Any CPU
		{9696AA72-9777-40AE-8DD1-1A46FCDF9B39}.Release|Any CPU.ActiveCfg = Release|Any CPU
		{9696AA72-9777-40AE-8DD1-1A46FCDF9B39}.Release|Any CPU.Build.0 = Release|Any CPU
		{57E0025D-AA27-45DC-9D23-CBF4778FEF6B}.Debug|Any CPU.ActiveCfg = Debug|Any CPU
		{57E0025D-AA27-45DC-9D23-CBF4778FEF6B}.Debug|Any CPU.Build.0 = Debug|Any CPU
		{57E0025D-AA27-45DC-9D23-CBF4778FEF6B}.Release|Any CPU.ActiveCfg = Release|Any CPU
		{57E0025D-AA27-45DC-9D23-CBF4778FEF6B}.Release|Any CPU.Build.0 = Release|Any CPU
		{637542F2-8DF9-4B12-82FE-FF51E3202D06}.Debug|Any CPU.ActiveCfg = Debug|Any CPU
		{637542F2-8DF9-4B12-82FE-FF51E3202D06}.Debug|Any CPU.Build.0 = Debug|Any CPU
		{637542F2-8DF9-4B12-82FE-FF51E3202D06}.Release|Any CPU.ActiveCfg = Release|Any CPU
		{637542F2-8DF9-4B12-82FE-FF51E3202D06}.Release|Any CPU.Build.0 = Release|Any CPU
		{D0670FE3-BDBF-4EB1-9706-8EB482536558}.Debug|Any CPU.ActiveCfg = Debug|Any CPU
		{D0670FE3-BDBF-4EB1-9706-8EB482536558}.Debug|Any CPU.Build.0 = Debug|Any CPU
		{D0670FE3-BDBF-4EB1-9706-8EB482536558}.Release|Any CPU.ActiveCfg = Release|Any CPU
		{D0670FE3-BDBF-4EB1-9706-8EB482536558}.Release|Any CPU.Build.0 = Release|Any CPU
		{0723DF5E-3291-4BF9-ACB9-E92E22374E4D}.Debug|Any CPU.ActiveCfg = Debug|Any CPU
		{0723DF5E-3291-4BF9-ACB9-E92E22374E4D}.Debug|Any CPU.Build.0 = Debug|Any CPU
		{0723DF5E-3291-4BF9-ACB9-E92E22374E4D}.Release|Any CPU.ActiveCfg = Release|Any CPU
		{0723DF5E-3291-4BF9-ACB9-E92E22374E4D}.Release|Any CPU.Build.0 = Release|Any CPU
	EndGlobalSection
	GlobalSection(SolutionProperties) = preSolution
		HideSolutionNode = FALSE
	EndGlobalSection
	GlobalSection(ExtensibilityGlobals) = postSolution
		SolutionGuid = {BC8126FC-5A39-4919-8EB8-A6FD7AE6DA30}
	EndGlobalSection
EndGlobal
